// !$*UTF8*$!
{
	archiveVersion = 1;
	classes = {
	};
	objectVersion = 51;
	objects = {

/* Begin PBXBuildFile section */
		291C3C0E24E854FE22ADC5D1 /* Pods_WeatherFarmTests.framework in Frameworks */ = {isa = PBXBuildFile; fileRef = 566838D54B0FBFAA4909FE2F /* Pods_WeatherFarmTests.framework */; };
		4E938498ABB20C5E77F09FF4 /* Pods_WeatherFarm.framework in Frameworks */ = {isa = PBXBuildFile; fileRef = 8D843AB54818CA88636C7823 /* Pods_WeatherFarm.framework */; };
		82353A6C2406EDE800910AA6 /* hourlyState.swift in Sources */ = {isa = PBXBuildFile; fileRef = 82353A6B2406EDE800910AA6 /* hourlyState.swift */; };
		82353A6F2406FFF100910AA6 /* verticalWeatherDays.swift in Sources */ = {isa = PBXBuildFile; fileRef = 82353A6E2406FFF100910AA6 /* verticalWeatherDays.swift */; };
		82353A712407007900910AA6 /* DailyState.swift in Sources */ = {isa = PBXBuildFile; fileRef = 82353A702407007900910AA6 /* DailyState.swift */; };
		82353A732407017400910AA6 /* verticalWeatherDaysItem.swift in Sources */ = {isa = PBXBuildFile; fileRef = 82353A722407017400910AA6 /* verticalWeatherDaysItem.swift */; };
		827C5F932486570D0024697F /* Collections.swift in Sources */ = {isa = PBXBuildFile; fileRef = 827C5F922486570D0024697F /* Collections.swift */; };
		8291BF642480EE69007FCA22 /* DailyViewModel.swift in Sources */ = {isa = PBXBuildFile; fileRef = 8291BF632480EE69007FCA22 /* DailyViewModel.swift */; };
		8291BF662480FB4C007FCA22 /* onCallCurrentWeatherModel.swift in Sources */ = {isa = PBXBuildFile; fileRef = 8291BF652480FB4C007FCA22 /* onCallCurrentWeatherModel.swift */; };
		8291BF692480FEDD007FCA22 /* CLLocation.swift in Sources */ = {isa = PBXBuildFile; fileRef = 8291BF682480FEDD007FCA22 /* CLLocation.swift */; };
		82943BE12477BD3E00129516 /* NetworkChainProtocol.swift in Sources */ = {isa = PBXBuildFile; fileRef = 82943BE02477BD3E00129516 /* NetworkChainProtocol.swift */; };
		82943BE32477BDBB00129516 /* BaseModelProtocol.swift in Sources */ = {isa = PBXBuildFile; fileRef = 82943BE22477BDBB00129516 /* BaseModelProtocol.swift */; };
		82943BE62477BE0600129516 /* GenericModel.swift in Sources */ = {isa = PBXBuildFile; fileRef = 82943BE52477BE0600129516 /* GenericModel.swift */; };
		82943BE82477BE2B00129516 /* GenericArray.swift in Sources */ = {isa = PBXBuildFile; fileRef = 82943BE72477BE2B00129516 /* GenericArray.swift */; };
		82943BEA2477BE9200129516 /* Response200.swift in Sources */ = {isa = PBXBuildFile; fileRef = 82943BE92477BE9200129516 /* Response200.swift */; };
		82943BEC2477BEBB00129516 /* Response204.swift in Sources */ = {isa = PBXBuildFile; fileRef = 82943BEB2477BEBB00129516 /* Response204.swift */; };
		82943BEE2477BEE200129516 /* NotResponse404.swift in Sources */ = {isa = PBXBuildFile; fileRef = 82943BED2477BEE200129516 /* NotResponse404.swift */; };
		82943BF02477BF0A00129516 /* ServerError500.swift in Sources */ = {isa = PBXBuildFile; fileRef = 82943BEF2477BF0A00129516 /* ServerError500.swift */; };
		82943BF22477BF8200129516 /* URLGeneration.swift in Sources */ = {isa = PBXBuildFile; fileRef = 82943BF12477BF8200129516 /* URLGeneration.swift */; };
		82943BF52477C17D00129516 /* OnCallParametersEnum.swift in Sources */ = {isa = PBXBuildFile; fileRef = 82943BF42477C17D00129516 /* OnCallParametersEnum.swift */; };
		82A4A92624801DC4002CD119 /* NetworkError.swift in Sources */ = {isa = PBXBuildFile; fileRef = 82A4A92524801DC4002CD119 /* NetworkError.swift */; };
		82AD6D102476764100F3DBF0 /* onCallweatherModel.swift in Sources */ = {isa = PBXBuildFile; fileRef = 82AD6D0F2476764100F3DBF0 /* onCallweatherModel.swift */; };
		82AD6D13247677E500F3DBF0 /* OnCallDailyModel.swift in Sources */ = {isa = PBXBuildFile; fileRef = 82AD6D12247677E500F3DBF0 /* OnCallDailyModel.swift */; };
		82AD6D1524767B1900F3DBF0 /* OnCallDailyWeatherModel.swift in Sources */ = {isa = PBXBuildFile; fileRef = 82AD6D1424767B1900F3DBF0 /* OnCallDailyWeatherModel.swift */; };
		82AD6D1724767CD800F3DBF0 /* OnCallHourlyModel.swift in Sources */ = {isa = PBXBuildFile; fileRef = 82AD6D1624767CD800F3DBF0 /* OnCallHourlyModel.swift */; };
		82AD6D1924767E5200F3DBF0 /* OnCallDefaultDataProtocol.swift in Sources */ = {isa = PBXBuildFile; fileRef = 82AD6D1824767E5200F3DBF0 /* OnCallDefaultDataProtocol.swift */; };
		82AD6D1B247687F500F3DBF0 /* Network.swift in Sources */ = {isa = PBXBuildFile; fileRef = 82AD6D1A247687F500F3DBF0 /* Network.swift */; };
		82B701222405B5D000AB0EC0 /* horizontalWeatherItem.swift in Sources */ = {isa = PBXBuildFile; fileRef = 82B701212405B5D000AB0EC0 /* horizontalWeatherItem.swift */; };
		82B701242405B84F00AB0EC0 /* HorizontalWeather.swift in Sources */ = {isa = PBXBuildFile; fileRef = 82B701232405B84F00AB0EC0 /* HorizontalWeather.swift */; };
		82B7941C2404480900B64648 /* AppDelegate.swift in Sources */ = {isa = PBXBuildFile; fileRef = 82B7941B2404480900B64648 /* AppDelegate.swift */; };
		82B7941E2404480900B64648 /* SceneDelegate.swift in Sources */ = {isa = PBXBuildFile; fileRef = 82B7941D2404480900B64648 /* SceneDelegate.swift */; };
		82B794212404480900B64648 /* WeatherFarm.xcdatamodeld in Sources */ = {isa = PBXBuildFile; fileRef = 82B7941F2404480900B64648 /* WeatherFarm.xcdatamodeld */; };
		82B794232404480900B64648 /* ContentView.swift in Sources */ = {isa = PBXBuildFile; fileRef = 82B794222404480900B64648 /* ContentView.swift */; };
		82B794252404481000B64648 /* Assets.xcassets in Resources */ = {isa = PBXBuildFile; fileRef = 82B794242404481000B64648 /* Assets.xcassets */; };
		82B794282404481000B64648 /* Preview Assets.xcassets in Resources */ = {isa = PBXBuildFile; fileRef = 82B794272404481000B64648 /* Preview Assets.xcassets */; };
		82B7942B2404481000B64648 /* LaunchScreen.storyboard in Resources */ = {isa = PBXBuildFile; fileRef = 82B794292404481000B64648 /* LaunchScreen.storyboard */; };
		82B794362404481000B64648 /* WeatherFarmTests.swift in Sources */ = {isa = PBXBuildFile; fileRef = 82B794352404481000B64648 /* WeatherFarmTests.swift */; };
		82B794412404481000B64648 /* WeatherFarmUITests.swift in Sources */ = {isa = PBXBuildFile; fileRef = 82B794402404481000B64648 /* WeatherFarmUITests.swift */; };
		82B794512404496400B64648 /* MainView.swift in Sources */ = {isa = PBXBuildFile; fileRef = 82B794502404496400B64648 /* MainView.swift */; };
		82B794542404529200B64648 /* BackgroundView.swift in Sources */ = {isa = PBXBuildFile; fileRef = 82B794532404529200B64648 /* BackgroundView.swift */; };
		82B794572404534F00B64648 /* CityButton.swift in Sources */ = {isa = PBXBuildFile; fileRef = 82B794562404534F00B64648 /* CityButton.swift */; };
		82B794592404732E00B64648 /* craftImageView.swift in Sources */ = {isa = PBXBuildFile; fileRef = 82B794582404732E00B64648 /* craftImageView.swift */; };
		82E1E6862484F0B500B1F8D0 /* Date.swift in Sources */ = {isa = PBXBuildFile; fileRef = 82E1E6852484F0B500B1F8D0 /* Date.swift */; };
		82E288242480EB39001132F8 /* HourlyViewModel.swift in Sources */ = {isa = PBXBuildFile; fileRef = 82E288232480EB39001132F8 /* HourlyViewModel.swift */; };
		82F9E373247EE5A600018D1D /* MainPageViewModel.swift in Sources */ = {isa = PBXBuildFile; fileRef = 82F9E372247EE5A600018D1D /* MainPageViewModel.swift */; };
		C48B31594F34BAEBBD27DC55 /* Pods_WeatherFarm_WeatherFarmUITests.framework in Frameworks */ = {isa = PBXBuildFile; fileRef = 8A4FEC2808C27F13A66DD7FA /* Pods_WeatherFarm_WeatherFarmUITests.framework */; };
/* End PBXBuildFile section */

/* Begin PBXContainerItemProxy section */
		82B794322404481000B64648 /* PBXContainerItemProxy */ = {
			isa = PBXContainerItemProxy;
			containerPortal = 82B794102404480900B64648 /* Project object */;
			proxyType = 1;
			remoteGlobalIDString = 82B794172404480900B64648;
			remoteInfo = WeatherFarm;
		};
		82B7943D2404481000B64648 /* PBXContainerItemProxy */ = {
			isa = PBXContainerItemProxy;
			containerPortal = 82B794102404480900B64648 /* Project object */;
			proxyType = 1;
			remoteGlobalIDString = 82B794172404480900B64648;
			remoteInfo = WeatherFarm;
		};
/* End PBXContainerItemProxy section */

/* Begin PBXFileReference section */
		3243057C05E75037C0F70178 /* Pods-WeatherFarmTests.debug.xcconfig */ = {isa = PBXFileReference; includeInIndex = 1; lastKnownFileType = text.xcconfig; name = "Pods-WeatherFarmTests.debug.xcconfig"; path = "Target Support Files/Pods-WeatherFarmTests/Pods-WeatherFarmTests.debug.xcconfig"; sourceTree = "<group>"; };
		3FE699E60229C188A2799F38 /* Pods-WeatherFarm-WeatherFarmUITests.release.xcconfig */ = {isa = PBXFileReference; includeInIndex = 1; lastKnownFileType = text.xcconfig; name = "Pods-WeatherFarm-WeatherFarmUITests.release.xcconfig"; path = "Target Support Files/Pods-WeatherFarm-WeatherFarmUITests/Pods-WeatherFarm-WeatherFarmUITests.release.xcconfig"; sourceTree = "<group>"; };
		4E13448BC7066F249790B6B0 /* Pods-WeatherFarm.release.xcconfig */ = {isa = PBXFileReference; includeInIndex = 1; lastKnownFileType = text.xcconfig; name = "Pods-WeatherFarm.release.xcconfig"; path = "Target Support Files/Pods-WeatherFarm/Pods-WeatherFarm.release.xcconfig"; sourceTree = "<group>"; };
		5572668CD0257BF78EAF306C /* Pods-WeatherFarmTests.release.xcconfig */ = {isa = PBXFileReference; includeInIndex = 1; lastKnownFileType = text.xcconfig; name = "Pods-WeatherFarmTests.release.xcconfig"; path = "Target Support Files/Pods-WeatherFarmTests/Pods-WeatherFarmTests.release.xcconfig"; sourceTree = "<group>"; };
		566838D54B0FBFAA4909FE2F /* Pods_WeatherFarmTests.framework */ = {isa = PBXFileReference; explicitFileType = wrapper.framework; includeInIndex = 0; path = Pods_WeatherFarmTests.framework; sourceTree = BUILT_PRODUCTS_DIR; };
		82353A6B2406EDE800910AA6 /* hourlyState.swift */ = {isa = PBXFileReference; lastKnownFileType = sourcecode.swift; path = hourlyState.swift; sourceTree = "<group>"; };
		82353A6E2406FFF100910AA6 /* verticalWeatherDays.swift */ = {isa = PBXFileReference; lastKnownFileType = sourcecode.swift; path = verticalWeatherDays.swift; sourceTree = "<group>"; };
		82353A702407007900910AA6 /* DailyState.swift */ = {isa = PBXFileReference; lastKnownFileType = sourcecode.swift; path = DailyState.swift; sourceTree = "<group>"; };
		82353A722407017400910AA6 /* verticalWeatherDaysItem.swift */ = {isa = PBXFileReference; lastKnownFileType = sourcecode.swift; path = verticalWeatherDaysItem.swift; sourceTree = "<group>"; };
		827C5F922486570D0024697F /* Collections.swift */ = {isa = PBXFileReference; lastKnownFileType = sourcecode.swift; path = Collections.swift; sourceTree = "<group>"; };
		8291BF632480EE69007FCA22 /* DailyViewModel.swift */ = {isa = PBXFileReference; lastKnownFileType = sourcecode.swift; path = DailyViewModel.swift; sourceTree = "<group>"; };
		8291BF652480FB4C007FCA22 /* onCallCurrentWeatherModel.swift */ = {isa = PBXFileReference; lastKnownFileType = sourcecode.swift; path = onCallCurrentWeatherModel.swift; sourceTree = "<group>"; };
		8291BF682480FEDD007FCA22 /* CLLocation.swift */ = {isa = PBXFileReference; lastKnownFileType = sourcecode.swift; path = CLLocation.swift; sourceTree = "<group>"; };
		82943BE02477BD3E00129516 /* NetworkChainProtocol.swift */ = {isa = PBXFileReference; lastKnownFileType = sourcecode.swift; path = NetworkChainProtocol.swift; sourceTree = "<group>"; };
		82943BE22477BDBB00129516 /* BaseModelProtocol.swift */ = {isa = PBXFileReference; lastKnownFileType = sourcecode.swift; path = BaseModelProtocol.swift; sourceTree = "<group>"; };
		82943BE52477BE0600129516 /* GenericModel.swift */ = {isa = PBXFileReference; lastKnownFileType = sourcecode.swift; path = GenericModel.swift; sourceTree = "<group>"; };
		82943BE72477BE2B00129516 /* GenericArray.swift */ = {isa = PBXFileReference; lastKnownFileType = sourcecode.swift; path = GenericArray.swift; sourceTree = "<group>"; };
		82943BE92477BE9200129516 /* Response200.swift */ = {isa = PBXFileReference; lastKnownFileType = sourcecode.swift; path = Response200.swift; sourceTree = "<group>"; };
		82943BEB2477BEBB00129516 /* Response204.swift */ = {isa = PBXFileReference; lastKnownFileType = sourcecode.swift; path = Response204.swift; sourceTree = "<group>"; };
		82943BED2477BEE200129516 /* NotResponse404.swift */ = {isa = PBXFileReference; lastKnownFileType = sourcecode.swift; path = NotResponse404.swift; sourceTree = "<group>"; };
		82943BEF2477BF0A00129516 /* ServerError500.swift */ = {isa = PBXFileReference; lastKnownFileType = sourcecode.swift; path = ServerError500.swift; sourceTree = "<group>"; };
		82943BF12477BF8200129516 /* URLGeneration.swift */ = {isa = PBXFileReference; lastKnownFileType = sourcecode.swift; path = URLGeneration.swift; sourceTree = "<group>"; };
		82943BF42477C17D00129516 /* OnCallParametersEnum.swift */ = {isa = PBXFileReference; lastKnownFileType = sourcecode.swift; path = OnCallParametersEnum.swift; sourceTree = "<group>"; };
		82A4A92524801DC4002CD119 /* NetworkError.swift */ = {isa = PBXFileReference; lastKnownFileType = sourcecode.swift; path = NetworkError.swift; sourceTree = "<group>"; };
		82AD6D0F2476764100F3DBF0 /* onCallweatherModel.swift */ = {isa = PBXFileReference; lastKnownFileType = sourcecode.swift; path = onCallweatherModel.swift; sourceTree = "<group>"; };
		82AD6D12247677E500F3DBF0 /* OnCallDailyModel.swift */ = {isa = PBXFileReference; lastKnownFileType = sourcecode.swift; path = OnCallDailyModel.swift; sourceTree = "<group>"; };
		82AD6D1424767B1900F3DBF0 /* OnCallDailyWeatherModel.swift */ = {isa = PBXFileReference; lastKnownFileType = sourcecode.swift; path = OnCallDailyWeatherModel.swift; sourceTree = "<group>"; };
		82AD6D1624767CD800F3DBF0 /* OnCallHourlyModel.swift */ = {isa = PBXFileReference; lastKnownFileType = sourcecode.swift; path = OnCallHourlyModel.swift; sourceTree = "<group>"; };
		82AD6D1824767E5200F3DBF0 /* OnCallDefaultDataProtocol.swift */ = {isa = PBXFileReference; lastKnownFileType = sourcecode.swift; path = OnCallDefaultDataProtocol.swift; sourceTree = "<group>"; };
		82AD6D1A247687F500F3DBF0 /* Network.swift */ = {isa = PBXFileReference; lastKnownFileType = sourcecode.swift; path = Network.swift; sourceTree = "<group>"; };
		82B701212405B5D000AB0EC0 /* horizontalWeatherItem.swift */ = {isa = PBXFileReference; lastKnownFileType = sourcecode.swift; path = horizontalWeatherItem.swift; sourceTree = "<group>"; };
		82B701232405B84F00AB0EC0 /* HorizontalWeather.swift */ = {isa = PBXFileReference; lastKnownFileType = sourcecode.swift; path = HorizontalWeather.swift; sourceTree = "<group>"; };
		82B794182404480900B64648 /* WeatherFarm.app */ = {isa = PBXFileReference; explicitFileType = wrapper.application; includeInIndex = 0; path = WeatherFarm.app; sourceTree = BUILT_PRODUCTS_DIR; };
		82B7941B2404480900B64648 /* AppDelegate.swift */ = {isa = PBXFileReference; lastKnownFileType = sourcecode.swift; path = AppDelegate.swift; sourceTree = "<group>"; };
		82B7941D2404480900B64648 /* SceneDelegate.swift */ = {isa = PBXFileReference; lastKnownFileType = sourcecode.swift; path = SceneDelegate.swift; sourceTree = "<group>"; };
		82B794202404480900B64648 /* WeatherFarm.xcdatamodel */ = {isa = PBXFileReference; lastKnownFileType = wrapper.xcdatamodel; path = WeatherFarm.xcdatamodel; sourceTree = "<group>"; };
		82B794222404480900B64648 /* ContentView.swift */ = {isa = PBXFileReference; lastKnownFileType = sourcecode.swift; path = ContentView.swift; sourceTree = "<group>"; };
		82B794242404481000B64648 /* Assets.xcassets */ = {isa = PBXFileReference; lastKnownFileType = folder.assetcatalog; path = Assets.xcassets; sourceTree = "<group>"; };
		82B794272404481000B64648 /* Preview Assets.xcassets */ = {isa = PBXFileReference; lastKnownFileType = folder.assetcatalog; path = "Preview Assets.xcassets"; sourceTree = "<group>"; };
		82B7942A2404481000B64648 /* Base */ = {isa = PBXFileReference; lastKnownFileType = file.storyboard; name = Base; path = Base.lproj/LaunchScreen.storyboard; sourceTree = "<group>"; };
		82B7942C2404481000B64648 /* Info.plist */ = {isa = PBXFileReference; lastKnownFileType = text.plist.xml; path = Info.plist; sourceTree = "<group>"; };
		82B794312404481000B64648 /* WeatherFarmTests.xctest */ = {isa = PBXFileReference; explicitFileType = wrapper.cfbundle; includeInIndex = 0; path = WeatherFarmTests.xctest; sourceTree = BUILT_PRODUCTS_DIR; };
		82B794352404481000B64648 /* WeatherFarmTests.swift */ = {isa = PBXFileReference; lastKnownFileType = sourcecode.swift; path = WeatherFarmTests.swift; sourceTree = "<group>"; };
		82B794372404481000B64648 /* Info.plist */ = {isa = PBXFileReference; lastKnownFileType = text.plist.xml; path = Info.plist; sourceTree = "<group>"; };
		82B7943C2404481000B64648 /* WeatherFarmUITests.xctest */ = {isa = PBXFileReference; explicitFileType = wrapper.cfbundle; includeInIndex = 0; path = WeatherFarmUITests.xctest; sourceTree = BUILT_PRODUCTS_DIR; };
		82B794402404481000B64648 /* WeatherFarmUITests.swift */ = {isa = PBXFileReference; lastKnownFileType = sourcecode.swift; path = WeatherFarmUITests.swift; sourceTree = "<group>"; };
		82B794422404481000B64648 /* Info.plist */ = {isa = PBXFileReference; lastKnownFileType = text.plist.xml; path = Info.plist; sourceTree = "<group>"; };
		82B794502404496400B64648 /* MainView.swift */ = {isa = PBXFileReference; lastKnownFileType = sourcecode.swift; path = MainView.swift; sourceTree = "<group>"; };
		82B794532404529200B64648 /* BackgroundView.swift */ = {isa = PBXFileReference; lastKnownFileType = sourcecode.swift; path = BackgroundView.swift; sourceTree = "<group>"; };
		82B794562404534F00B64648 /* CityButton.swift */ = {isa = PBXFileReference; lastKnownFileType = sourcecode.swift; path = CityButton.swift; sourceTree = "<group>"; };
		82B794582404732E00B64648 /* craftImageView.swift */ = {isa = PBXFileReference; lastKnownFileType = sourcecode.swift; path = craftImageView.swift; sourceTree = "<group>"; };
		82E1E6852484F0B500B1F8D0 /* Date.swift */ = {isa = PBXFileReference; lastKnownFileType = sourcecode.swift; path = Date.swift; sourceTree = "<group>"; };
		82E288232480EB39001132F8 /* HourlyViewModel.swift */ = {isa = PBXFileReference; lastKnownFileType = sourcecode.swift; path = HourlyViewModel.swift; sourceTree = "<group>"; };
		82F9E372247EE5A600018D1D /* MainPageViewModel.swift */ = {isa = PBXFileReference; lastKnownFileType = sourcecode.swift; path = MainPageViewModel.swift; sourceTree = "<group>"; };
		8A4FEC2808C27F13A66DD7FA /* Pods_WeatherFarm_WeatherFarmUITests.framework */ = {isa = PBXFileReference; explicitFileType = wrapper.framework; includeInIndex = 0; path = Pods_WeatherFarm_WeatherFarmUITests.framework; sourceTree = BUILT_PRODUCTS_DIR; };
		8B881A5FE7F771759BC59BAA /* Pods-WeatherFarm.debug.xcconfig */ = {isa = PBXFileReference; includeInIndex = 1; lastKnownFileType = text.xcconfig; name = "Pods-WeatherFarm.debug.xcconfig"; path = "Target Support Files/Pods-WeatherFarm/Pods-WeatherFarm.debug.xcconfig"; sourceTree = "<group>"; };
		8D843AB54818CA88636C7823 /* Pods_WeatherFarm.framework */ = {isa = PBXFileReference; explicitFileType = wrapper.framework; includeInIndex = 0; path = Pods_WeatherFarm.framework; sourceTree = BUILT_PRODUCTS_DIR; };
		F1EC06C7CC22E0EDCD3B3EE2 /* Pods-WeatherFarm-WeatherFarmUITests.debug.xcconfig */ = {isa = PBXFileReference; includeInIndex = 1; lastKnownFileType = text.xcconfig; name = "Pods-WeatherFarm-WeatherFarmUITests.debug.xcconfig"; path = "Target Support Files/Pods-WeatherFarm-WeatherFarmUITests/Pods-WeatherFarm-WeatherFarmUITests.debug.xcconfig"; sourceTree = "<group>"; };
/* End PBXFileReference section */

/* Begin PBXFrameworksBuildPhase section */
		82B794152404480900B64648 /* Frameworks */ = {
			isa = PBXFrameworksBuildPhase;
			buildActionMask = 2147483647;
			files = (
				4E938498ABB20C5E77F09FF4 /* Pods_WeatherFarm.framework in Frameworks */,
			);
			runOnlyForDeploymentPostprocessing = 0;
		};
		82B7942E2404481000B64648 /* Frameworks */ = {
			isa = PBXFrameworksBuildPhase;
			buildActionMask = 2147483647;
			files = (
				291C3C0E24E854FE22ADC5D1 /* Pods_WeatherFarmTests.framework in Frameworks */,
			);
			runOnlyForDeploymentPostprocessing = 0;
		};
		82B794392404481000B64648 /* Frameworks */ = {
			isa = PBXFrameworksBuildPhase;
			buildActionMask = 2147483647;
			files = (
				C48B31594F34BAEBBD27DC55 /* Pods_WeatherFarm_WeatherFarmUITests.framework in Frameworks */,
			);
			runOnlyForDeploymentPostprocessing = 0;
		};
/* End PBXFrameworksBuildPhase section */

/* Begin PBXGroup section */
		1149A27A9D002CA38A634645 /* Frameworks */ = {
			isa = PBXGroup;
			children = (
				8D843AB54818CA88636C7823 /* Pods_WeatherFarm.framework */,
				8A4FEC2808C27F13A66DD7FA /* Pods_WeatherFarm_WeatherFarmUITests.framework */,
				566838D54B0FBFAA4909FE2F /* Pods_WeatherFarmTests.framework */,
			);
			name = Frameworks;
			sourceTree = "<group>";
		};
		82353A692406EDC300910AA6 /* Model */ = {
			isa = PBXGroup;
			children = (
				82943BE42477BDF800129516 /* Generics */,
				82353A6A2406EDCE00910AA6 /* weather */,
				82943BE22477BDBB00129516 /* BaseModelProtocol.swift */,
			);
			path = Model;
			sourceTree = "<group>";
		};
		82353A6A2406EDCE00910AA6 /* weather */ = {
			isa = PBXGroup;
			children = (
				82AD6D11247677BD00F3DBF0 /* OnCall */,
				82353A6B2406EDE800910AA6 /* hourlyState.swift */,
				82353A702407007900910AA6 /* DailyState.swift */,
			);
			path = weather;
			sourceTree = "<group>";
		};
		82353A6D2406FFBD00910AA6 /* Dayrows */ = {
			isa = PBXGroup;
			children = (
				82353A6E2406FFF100910AA6 /* verticalWeatherDays.swift */,
				82353A722407017400910AA6 /* verticalWeatherDaysItem.swift */,
			);
			path = Dayrows;
			sourceTree = "<group>";
		};
		8291BF672480FEAE007FCA22 /* Extensions */ = {
			isa = PBXGroup;
			children = (
				8291BF682480FEDD007FCA22 /* CLLocation.swift */,
				82E1E6852484F0B500B1F8D0 /* Date.swift */,
				827C5F922486570D0024697F /* Collections.swift */,
			);
			path = Extensions;
			sourceTree = "<group>";
		};
		82943BE42477BDF800129516 /* Generics */ = {
			isa = PBXGroup;
			children = (
				82943BE52477BE0600129516 /* GenericModel.swift */,
				82943BE72477BE2B00129516 /* GenericArray.swift */,
			);
			path = Generics;
			sourceTree = "<group>";
		};
		82943BF32477C14100129516 /* Constants */ = {
			isa = PBXGroup;
			children = (
				82943BF42477C17D00129516 /* OnCallParametersEnum.swift */,
			);
			path = Constants;
			sourceTree = "<group>";
		};
		82AD6D0E247675EB00F3DBF0 /* Services */ = {
			isa = PBXGroup;
			children = (
				82AD6D1C2476882200F3DBF0 /* ChainOfResponse */,
				82AD6D1A247687F500F3DBF0 /* Network.swift */,
				82943BF12477BF8200129516 /* URLGeneration.swift */,
				82A4A92524801DC4002CD119 /* NetworkError.swift */,
			);
			path = Services;
			sourceTree = "<group>";
		};
		82AD6D11247677BD00F3DBF0 /* OnCall */ = {
			isa = PBXGroup;
			children = (
				82AD6D0F2476764100F3DBF0 /* onCallweatherModel.swift */,
				82AD6D12247677E500F3DBF0 /* OnCallDailyModel.swift */,
				82AD6D1424767B1900F3DBF0 /* OnCallDailyWeatherModel.swift */,
				82AD6D1624767CD800F3DBF0 /* OnCallHourlyModel.swift */,
				82AD6D1824767E5200F3DBF0 /* OnCallDefaultDataProtocol.swift */,
				8291BF652480FB4C007FCA22 /* onCallCurrentWeatherModel.swift */,
			);
			path = OnCall;
			sourceTree = "<group>";
		};
		82AD6D1C2476882200F3DBF0 /* ChainOfResponse */ = {
			isa = PBXGroup;
			children = (
				82943BE02477BD3E00129516 /* NetworkChainProtocol.swift */,
				82943BE92477BE9200129516 /* Response200.swift */,
				82943BEB2477BEBB00129516 /* Response204.swift */,
				82943BED2477BEE200129516 /* NotResponse404.swift */,
				82943BEF2477BF0A00129516 /* ServerError500.swift */,
			);
			path = ChainOfResponse;
			sourceTree = "<group>";
		};
		82B701202405B5A500AB0EC0 /* HorizontalWeather */ = {
			isa = PBXGroup;
			children = (
				82B701212405B5D000AB0EC0 /* horizontalWeatherItem.swift */,
				82B701232405B84F00AB0EC0 /* HorizontalWeather.swift */,
			);
			path = HorizontalWeather;
			sourceTree = "<group>";
		};
		82B7940F2404480900B64648 = {
			isa = PBXGroup;
			children = (
				82B7941A2404480900B64648 /* WeatherFarm */,
				82B794342404481000B64648 /* WeatherFarmTests */,
				82B7943F2404481000B64648 /* WeatherFarmUITests */,
				82B794192404480900B64648 /* Products */,
				A9C8DA4754DAFADD0A240CC6 /* Pods */,
				1149A27A9D002CA38A634645 /* Frameworks */,
			);
			sourceTree = "<group>";
		};
		82B794192404480900B64648 /* Products */ = {
			isa = PBXGroup;
			children = (
				82B794182404480900B64648 /* WeatherFarm.app */,
				82B794312404481000B64648 /* WeatherFarmTests.xctest */,
				82B7943C2404481000B64648 /* WeatherFarmUITests.xctest */,
			);
			name = Products;
			sourceTree = "<group>";
		};
		82B7941A2404480900B64648 /* WeatherFarm */ = {
			isa = PBXGroup;
			children = (
				8291BF672480FEAE007FCA22 /* Extensions */,
				82F9E371247EE55300018D1D /* ViewModel */,
				82943BF32477C14100129516 /* Constants */,
				82AD6D0E247675EB00F3DBF0 /* Services */,
				82353A692406EDC300910AA6 /* Model */,
				82B7944E2404494200B64648 /* View */,
				82B7941B2404480900B64648 /* AppDelegate.swift */,
				82B7941D2404480900B64648 /* SceneDelegate.swift */,
				82B794222404480900B64648 /* ContentView.swift */,
				82B794242404481000B64648 /* Assets.xcassets */,
				82B794292404481000B64648 /* LaunchScreen.storyboard */,
				82B7942C2404481000B64648 /* Info.plist */,
				82B7941F2404480900B64648 /* WeatherFarm.xcdatamodeld */,
				82B794262404481000B64648 /* Preview Content */,
			);
			path = WeatherFarm;
			sourceTree = "<group>";
		};
		82B794262404481000B64648 /* Preview Content */ = {
			isa = PBXGroup;
			children = (
				82B794272404481000B64648 /* Preview Assets.xcassets */,
			);
			path = "Preview Content";
			sourceTree = "<group>";
		};
		82B794342404481000B64648 /* WeatherFarmTests */ = {
			isa = PBXGroup;
			children = (
				82B794352404481000B64648 /* WeatherFarmTests.swift */,
				82B794372404481000B64648 /* Info.plist */,
			);
			path = WeatherFarmTests;
			sourceTree = "<group>";
		};
		82B7943F2404481000B64648 /* WeatherFarmUITests */ = {
			isa = PBXGroup;
			children = (
				82B794402404481000B64648 /* WeatherFarmUITests.swift */,
				82B794422404481000B64648 /* Info.plist */,
			);
			path = WeatherFarmUITests;
			sourceTree = "<group>";
		};
		82B7944E2404494200B64648 /* View */ = {
			isa = PBXGroup;
			children = (
				82B794522404527700B64648 /* Shared Objects */,
				82B7944F2404495300B64648 /* MainView */,
			);
			path = View;
			sourceTree = "<group>";
		};
		82B7944F2404495300B64648 /* MainView */ = {
			isa = PBXGroup;
			children = (
				82B79455240452CB00B64648 /* Main Page Objects */,
				82B794502404496400B64648 /* MainView.swift */,
			);
			path = MainView;
			sourceTree = "<group>";
		};
		82B794522404527700B64648 /* Shared Objects */ = {
			isa = PBXGroup;
			children = (
				82B794532404529200B64648 /* BackgroundView.swift */,
			);
			path = "Shared Objects";
			sourceTree = "<group>";
		};
		82B79455240452CB00B64648 /* Main Page Objects */ = {
			isa = PBXGroup;
			children = (
				82353A6D2406FFBD00910AA6 /* Dayrows */,
				82B701202405B5A500AB0EC0 /* HorizontalWeather */,
				82B794562404534F00B64648 /* CityButton.swift */,
				82B794582404732E00B64648 /* craftImageView.swift */,
			);
			path = "Main Page Objects";
			sourceTree = "<group>";
		};
		82F9E371247EE55300018D1D /* ViewModel */ = {
			isa = PBXGroup;
			children = (
				82F9E372247EE5A600018D1D /* MainPageViewModel.swift */,
				82E288232480EB39001132F8 /* HourlyViewModel.swift */,
				8291BF632480EE69007FCA22 /* DailyViewModel.swift */,
			);
			path = ViewModel;
			sourceTree = "<group>";
		};
		A9C8DA4754DAFADD0A240CC6 /* Pods */ = {
			isa = PBXGroup;
			children = (
				8B881A5FE7F771759BC59BAA /* Pods-WeatherFarm.debug.xcconfig */,
				4E13448BC7066F249790B6B0 /* Pods-WeatherFarm.release.xcconfig */,
				F1EC06C7CC22E0EDCD3B3EE2 /* Pods-WeatherFarm-WeatherFarmUITests.debug.xcconfig */,
				3FE699E60229C188A2799F38 /* Pods-WeatherFarm-WeatherFarmUITests.release.xcconfig */,
				3243057C05E75037C0F70178 /* Pods-WeatherFarmTests.debug.xcconfig */,
				5572668CD0257BF78EAF306C /* Pods-WeatherFarmTests.release.xcconfig */,
			);
			path = Pods;
			sourceTree = "<group>";
		};
/* End PBXGroup section */

/* Begin PBXNativeTarget section */
		82B794172404480900B64648 /* WeatherFarm */ = {
			isa = PBXNativeTarget;
			buildConfigurationList = 82B794452404481000B64648 /* Build configuration list for PBXNativeTarget "WeatherFarm" */;
			buildPhases = (
				C43784FC61E4C7365EBBD8A8 /* [CP] Check Pods Manifest.lock */,
				82B794142404480900B64648 /* Sources */,
				82B794152404480900B64648 /* Frameworks */,
				82B794162404480900B64648 /* Resources */,
				2CFAE25E1C7402C23963A03F /* [CP] Embed Pods Frameworks */,
			);
			buildRules = (
			);
			dependencies = (
			);
			name = WeatherFarm;
			productName = WeatherFarm;
			productReference = 82B794182404480900B64648 /* WeatherFarm.app */;
			productType = "com.apple.product-type.application";
		};
		82B794302404481000B64648 /* WeatherFarmTests */ = {
			isa = PBXNativeTarget;
			buildConfigurationList = 82B794482404481000B64648 /* Build configuration list for PBXNativeTarget "WeatherFarmTests" */;
			buildPhases = (
				24DADDBD4A80687EC9CDEF58 /* [CP] Check Pods Manifest.lock */,
				82B7942D2404481000B64648 /* Sources */,
				82B7942E2404481000B64648 /* Frameworks */,
				82B7942F2404481000B64648 /* Resources */,
				4A4EB3B54AF5F7FB92C29B90 /* [CP] Embed Pods Frameworks */,
			);
			buildRules = (
			);
			dependencies = (
				82B794332404481000B64648 /* PBXTargetDependency */,
			);
			name = WeatherFarmTests;
			productName = WeatherFarmTests;
			productReference = 82B794312404481000B64648 /* WeatherFarmTests.xctest */;
			productType = "com.apple.product-type.bundle.unit-test";
		};
		82B7943B2404481000B64648 /* WeatherFarmUITests */ = {
			isa = PBXNativeTarget;
			buildConfigurationList = 82B7944B2404481000B64648 /* Build configuration list for PBXNativeTarget "WeatherFarmUITests" */;
			buildPhases = (
				A2980AC648437683A6A7CEBD /* [CP] Check Pods Manifest.lock */,
				82B794382404481000B64648 /* Sources */,
				82B794392404481000B64648 /* Frameworks */,
				82B7943A2404481000B64648 /* Resources */,
				ABEF75BD31A6A54763DD6F72 /* [CP] Embed Pods Frameworks */,
			);
			buildRules = (
			);
			dependencies = (
				82B7943E2404481000B64648 /* PBXTargetDependency */,
			);
			name = WeatherFarmUITests;
			productName = WeatherFarmUITests;
			productReference = 82B7943C2404481000B64648 /* WeatherFarmUITests.xctest */;
			productType = "com.apple.product-type.bundle.ui-testing";
		};
/* End PBXNativeTarget section */

/* Begin PBXProject section */
		82B794102404480900B64648 /* Project object */ = {
			isa = PBXProject;
			attributes = {
				LastSwiftUpdateCheck = 1130;
				LastUpgradeCheck = 1130;
				ORGANIZATIONNAME = mohsen;
				TargetAttributes = {
					82B794172404480900B64648 = {
						CreatedOnToolsVersion = 11.3;
					};
					82B794302404481000B64648 = {
						CreatedOnToolsVersion = 11.3;
						TestTargetID = 82B794172404480900B64648;
					};
					82B7943B2404481000B64648 = {
						CreatedOnToolsVersion = 11.3;
						TestTargetID = 82B794172404480900B64648;
					};
				};
			};
			buildConfigurationList = 82B794132404480900B64648 /* Build configuration list for PBXProject "WeatherFarm" */;
			compatibilityVersion = "Xcode 9.3";
			developmentRegion = en;
			hasScannedForEncodings = 0;
			knownRegions = (
				en,
				Base,
			);
			mainGroup = 82B7940F2404480900B64648;
			productRefGroup = 82B794192404480900B64648 /* Products */;
			projectDirPath = "";
			projectRoot = "";
			targets = (
				82B794172404480900B64648 /* WeatherFarm */,
				82B794302404481000B64648 /* WeatherFarmTests */,
				82B7943B2404481000B64648 /* WeatherFarmUITests */,
			);
		};
/* End PBXProject section */

/* Begin PBXResourcesBuildPhase section */
		82B794162404480900B64648 /* Resources */ = {
			isa = PBXResourcesBuildPhase;
			buildActionMask = 2147483647;
			files = (
				82B7942B2404481000B64648 /* LaunchScreen.storyboard in Resources */,
				82B794282404481000B64648 /* Preview Assets.xcassets in Resources */,
				82B794252404481000B64648 /* Assets.xcassets in Resources */,
			);
			runOnlyForDeploymentPostprocessing = 0;
		};
		82B7942F2404481000B64648 /* Resources */ = {
			isa = PBXResourcesBuildPhase;
			buildActionMask = 2147483647;
			files = (
			);
			runOnlyForDeploymentPostprocessing = 0;
		};
		82B7943A2404481000B64648 /* Resources */ = {
			isa = PBXResourcesBuildPhase;
			buildActionMask = 2147483647;
			files = (
			);
			runOnlyForDeploymentPostprocessing = 0;
		};
/* End PBXResourcesBuildPhase section */

/* Begin PBXShellScriptBuildPhase section */
		24DADDBD4A80687EC9CDEF58 /* [CP] Check Pods Manifest.lock */ = {
			isa = PBXShellScriptBuildPhase;
			buildActionMask = 2147483647;
			files = (
			);
			inputFileListPaths = (
			);
			inputPaths = (
				"${PODS_PODFILE_DIR_PATH}/Podfile.lock",
				"${PODS_ROOT}/Manifest.lock",
			);
			name = "[CP] Check Pods Manifest.lock";
			outputFileListPaths = (
			);
			outputPaths = (
				"$(DERIVED_FILE_DIR)/Pods-WeatherFarmTests-checkManifestLockResult.txt",
			);
			runOnlyForDeploymentPostprocessing = 0;
			shellPath = /bin/sh;
			shellScript = "diff \"${PODS_PODFILE_DIR_PATH}/Podfile.lock\" \"${PODS_ROOT}/Manifest.lock\" > /dev/null\nif [ $? != 0 ] ; then\n    # print error to STDERR\n    echo \"error: The sandbox is not in sync with the Podfile.lock. Run 'pod install' or update your CocoaPods installation.\" >&2\n    exit 1\nfi\n# This output is used by Xcode 'outputs' to avoid re-running this script phase.\necho \"SUCCESS\" > \"${SCRIPT_OUTPUT_FILE_0}\"\n";
			showEnvVarsInLog = 0;
		};
		2CFAE25E1C7402C23963A03F /* [CP] Embed Pods Frameworks */ = {
			isa = PBXShellScriptBuildPhase;
			buildActionMask = 2147483647;
			files = (
			);
			inputFileListPaths = (
				"${PODS_ROOT}/Target Support Files/Pods-WeatherFarm/Pods-WeatherFarm-frameworks-${CONFIGURATION}-input-files.xcfilelist",
			);
			name = "[CP] Embed Pods Frameworks";
			outputFileListPaths = (
				"${PODS_ROOT}/Target Support Files/Pods-WeatherFarm/Pods-WeatherFarm-frameworks-${CONFIGURATION}-output-files.xcfilelist",
			);
			runOnlyForDeploymentPostprocessing = 0;
			shellPath = /bin/sh;
			shellScript = "\"${PODS_ROOT}/Target Support Files/Pods-WeatherFarm/Pods-WeatherFarm-frameworks.sh\"\n";
			showEnvVarsInLog = 0;
		};
		4A4EB3B54AF5F7FB92C29B90 /* [CP] Embed Pods Frameworks */ = {
			isa = PBXShellScriptBuildPhase;
			buildActionMask = 2147483647;
			files = (
			);
			inputFileListPaths = (
				"${PODS_ROOT}/Target Support Files/Pods-WeatherFarmTests/Pods-WeatherFarmTests-frameworks-${CONFIGURATION}-input-files.xcfilelist",
			);
			name = "[CP] Embed Pods Frameworks";
			outputFileListPaths = (
				"${PODS_ROOT}/Target Support Files/Pods-WeatherFarmTests/Pods-WeatherFarmTests-frameworks-${CONFIGURATION}-output-files.xcfilelist",
			);
			runOnlyForDeploymentPostprocessing = 0;
			shellPath = /bin/sh;
			shellScript = "\"${PODS_ROOT}/Target Support Files/Pods-WeatherFarmTests/Pods-WeatherFarmTests-frameworks.sh\"\n";
			showEnvVarsInLog = 0;
		};
		A2980AC648437683A6A7CEBD /* [CP] Check Pods Manifest.lock */ = {
			isa = PBXShellScriptBuildPhase;
			buildActionMask = 2147483647;
			files = (
			);
			inputFileListPaths = (
			);
			inputPaths = (
				"${PODS_PODFILE_DIR_PATH}/Podfile.lock",
				"${PODS_ROOT}/Manifest.lock",
			);
			name = "[CP] Check Pods Manifest.lock";
			outputFileListPaths = (
			);
			outputPaths = (
				"$(DERIVED_FILE_DIR)/Pods-WeatherFarm-WeatherFarmUITests-checkManifestLockResult.txt",
			);
			runOnlyForDeploymentPostprocessing = 0;
			shellPath = /bin/sh;
			shellScript = "diff \"${PODS_PODFILE_DIR_PATH}/Podfile.lock\" \"${PODS_ROOT}/Manifest.lock\" > /dev/null\nif [ $? != 0 ] ; then\n    # print error to STDERR\n    echo \"error: The sandbox is not in sync with the Podfile.lock. Run 'pod install' or update your CocoaPods installation.\" >&2\n    exit 1\nfi\n# This output is used by Xcode 'outputs' to avoid re-running this script phase.\necho \"SUCCESS\" > \"${SCRIPT_OUTPUT_FILE_0}\"\n";
			showEnvVarsInLog = 0;
		};
		ABEF75BD31A6A54763DD6F72 /* [CP] Embed Pods Frameworks */ = {
			isa = PBXShellScriptBuildPhase;
			buildActionMask = 2147483647;
			files = (
			);
			inputFileListPaths = (
				"${PODS_ROOT}/Target Support Files/Pods-WeatherFarm-WeatherFarmUITests/Pods-WeatherFarm-WeatherFarmUITests-frameworks-${CONFIGURATION}-input-files.xcfilelist",
			);
			name = "[CP] Embed Pods Frameworks";
			outputFileListPaths = (
				"${PODS_ROOT}/Target Support Files/Pods-WeatherFarm-WeatherFarmUITests/Pods-WeatherFarm-WeatherFarmUITests-frameworks-${CONFIGURATION}-output-files.xcfilelist",
			);
			runOnlyForDeploymentPostprocessing = 0;
			shellPath = /bin/sh;
			shellScript = "\"${PODS_ROOT}/Target Support Files/Pods-WeatherFarm-WeatherFarmUITests/Pods-WeatherFarm-WeatherFarmUITests-frameworks.sh\"\n";
			showEnvVarsInLog = 0;
		};
		C43784FC61E4C7365EBBD8A8 /* [CP] Check Pods Manifest.lock */ = {
			isa = PBXShellScriptBuildPhase;
			buildActionMask = 2147483647;
			files = (
			);
			inputFileListPaths = (
			);
			inputPaths = (
				"${PODS_PODFILE_DIR_PATH}/Podfile.lock",
				"${PODS_ROOT}/Manifest.lock",
			);
			name = "[CP] Check Pods Manifest.lock";
			outputFileListPaths = (
			);
			outputPaths = (
				"$(DERIVED_FILE_DIR)/Pods-WeatherFarm-checkManifestLockResult.txt",
			);
			runOnlyForDeploymentPostprocessing = 0;
			shellPath = /bin/sh;
			shellScript = "diff \"${PODS_PODFILE_DIR_PATH}/Podfile.lock\" \"${PODS_ROOT}/Manifest.lock\" > /dev/null\nif [ $? != 0 ] ; then\n    # print error to STDERR\n    echo \"error: The sandbox is not in sync with the Podfile.lock. Run 'pod install' or update your CocoaPods installation.\" >&2\n    exit 1\nfi\n# This output is used by Xcode 'outputs' to avoid re-running this script phase.\necho \"SUCCESS\" > \"${SCRIPT_OUTPUT_FILE_0}\"\n";
			showEnvVarsInLog = 0;
		};
/* End PBXShellScriptBuildPhase section */

/* Begin PBXSourcesBuildPhase section */
		82B794142404480900B64648 /* Sources */ = {
			isa = PBXSourcesBuildPhase;
			buildActionMask = 2147483647;
			files = (
				82AD6D102476764100F3DBF0 /* onCallweatherModel.swift in Sources */,
				82A4A92624801DC4002CD119 /* NetworkError.swift in Sources */,
				82B701222405B5D000AB0EC0 /* horizontalWeatherItem.swift in Sources */,
				82B794572404534F00B64648 /* CityButton.swift in Sources */,
				82B794542404529200B64648 /* BackgroundView.swift in Sources */,
				82353A6F2406FFF100910AA6 /* verticalWeatherDays.swift in Sources */,
				8291BF662480FB4C007FCA22 /* onCallCurrentWeatherModel.swift in Sources */,
				82B7941C2404480900B64648 /* AppDelegate.swift in Sources */,
				82B7941E2404480900B64648 /* SceneDelegate.swift in Sources */,
				82353A732407017400910AA6 /* verticalWeatherDaysItem.swift in Sources */,
				82B794232404480900B64648 /* ContentView.swift in Sources */,
				82E288242480EB39001132F8 /* HourlyViewModel.swift in Sources */,
				82B794592404732E00B64648 /* craftImageView.swift in Sources */,
				82AD6D1B247687F500F3DBF0 /* Network.swift in Sources */,
				82943BEC2477BEBB00129516 /* Response204.swift in Sources */,
				82B794512404496400B64648 /* MainView.swift in Sources */,
				82AD6D1724767CD800F3DBF0 /* OnCallHourlyModel.swift in Sources */,
				827C5F932486570D0024697F /* Collections.swift in Sources */,
				82353A712407007900910AA6 /* DailyState.swift in Sources */,
				82943BF52477C17D00129516 /* OnCallParametersEnum.swift in Sources */,
				82B701242405B84F00AB0EC0 /* HorizontalWeather.swift in Sources */,
				82943BF22477BF8200129516 /* URLGeneration.swift in Sources */,
				82B794212404480900B64648 /* WeatherFarm.xcdatamodeld in Sources */,
				82943BF02477BF0A00129516 /* ServerError500.swift in Sources */,
				82943BE32477BDBB00129516 /* BaseModelProtocol.swift in Sources */,
				82943BE82477BE2B00129516 /* GenericArray.swift in Sources */,
				8291BF642480EE69007FCA22 /* DailyViewModel.swift in Sources */,
				82F9E373247EE5A600018D1D /* MainPageViewModel.swift in Sources */,
				8291BF692480FEDD007FCA22 /* CLLocation.swift in Sources */,
				82AD6D1924767E5200F3DBF0 /* OnCallDefaultDataProtocol.swift in Sources */,
				82943BE62477BE0600129516 /* GenericModel.swift in Sources */,
				82943BE12477BD3E00129516 /* NetworkChainProtocol.swift in Sources */,
				82E1E6862484F0B500B1F8D0 /* Date.swift in Sources */,
				82943BEA2477BE9200129516 /* Response200.swift in Sources */,
				82943BEE2477BEE200129516 /* NotResponse404.swift in Sources */,
				82AD6D1524767B1900F3DBF0 /* OnCallDailyWeatherModel.swift in Sources */,
				82AD6D13247677E500F3DBF0 /* OnCallDailyModel.swift in Sources */,
				82353A6C2406EDE800910AA6 /* hourlyState.swift in Sources */,
			);
			runOnlyForDeploymentPostprocessing = 0;
		};
		82B7942D2404481000B64648 /* Sources */ = {
			isa = PBXSourcesBuildPhase;
			buildActionMask = 2147483647;
			files = (
				82B794362404481000B64648 /* WeatherFarmTests.swift in Sources */,
			);
			runOnlyForDeploymentPostprocessing = 0;
		};
		82B794382404481000B64648 /* Sources */ = {
			isa = PBXSourcesBuildPhase;
			buildActionMask = 2147483647;
			files = (
				82B794412404481000B64648 /* WeatherFarmUITests.swift in Sources */,
			);
			runOnlyForDeploymentPostprocessing = 0;
		};
/* End PBXSourcesBuildPhase section */

/* Begin PBXTargetDependency section */
		82B794332404481000B64648 /* PBXTargetDependency */ = {
			isa = PBXTargetDependency;
			target = 82B794172404480900B64648 /* WeatherFarm */;
			targetProxy = 82B794322404481000B64648 /* PBXContainerItemProxy */;
		};
		82B7943E2404481000B64648 /* PBXTargetDependency */ = {
			isa = PBXTargetDependency;
			target = 82B794172404480900B64648 /* WeatherFarm */;
			targetProxy = 82B7943D2404481000B64648 /* PBXContainerItemProxy */;
		};
/* End PBXTargetDependency section */

/* Begin PBXVariantGroup section */
		82B794292404481000B64648 /* LaunchScreen.storyboard */ = {
			isa = PBXVariantGroup;
			children = (
				82B7942A2404481000B64648 /* Base */,
			);
			name = LaunchScreen.storyboard;
			sourceTree = "<group>";
		};
/* End PBXVariantGroup section */

/* Begin XCBuildConfiguration section */
		82B794432404481000B64648 /* Debug */ = {
			isa = XCBuildConfiguration;
			buildSettings = {
				ALWAYS_SEARCH_USER_PATHS = NO;
				CLANG_ANALYZER_NONNULL = YES;
				CLANG_ANALYZER_NUMBER_OBJECT_CONVERSION = YES_AGGRESSIVE;
				CLANG_CXX_LANGUAGE_STANDARD = "gnu++14";
				CLANG_CXX_LIBRARY = "libc++";
				CLANG_ENABLE_MODULES = YES;
				CLANG_ENABLE_OBJC_ARC = YES;
				CLANG_ENABLE_OBJC_WEAK = YES;
				CLANG_WARN_BLOCK_CAPTURE_AUTORELEASING = YES;
				CLANG_WARN_BOOL_CONVERSION = YES;
				CLANG_WARN_COMMA = YES;
				CLANG_WARN_CONSTANT_CONVERSION = YES;
				CLANG_WARN_DEPRECATED_OBJC_IMPLEMENTATIONS = YES;
				CLANG_WARN_DIRECT_OBJC_ISA_USAGE = YES_ERROR;
				CLANG_WARN_DOCUMENTATION_COMMENTS = YES;
				CLANG_WARN_EMPTY_BODY = YES;
				CLANG_WARN_ENUM_CONVERSION = YES;
				CLANG_WARN_INFINITE_RECURSION = YES;
				CLANG_WARN_INT_CONVERSION = YES;
				CLANG_WARN_NON_LITERAL_NULL_CONVERSION = YES;
				CLANG_WARN_OBJC_IMPLICIT_RETAIN_SELF = YES;
				CLANG_WARN_OBJC_LITERAL_CONVERSION = YES;
				CLANG_WARN_OBJC_ROOT_CLASS = YES_ERROR;
				CLANG_WARN_RANGE_LOOP_ANALYSIS = YES;
				CLANG_WARN_STRICT_PROTOTYPES = YES;
				CLANG_WARN_SUSPICIOUS_MOVE = YES;
				CLANG_WARN_UNGUARDED_AVAILABILITY = YES_AGGRESSIVE;
				CLANG_WARN_UNREACHABLE_CODE = YES;
				CLANG_WARN__DUPLICATE_METHOD_MATCH = YES;
				COPY_PHASE_STRIP = NO;
				DEBUG_INFORMATION_FORMAT = dwarf;
				ENABLE_STRICT_OBJC_MSGSEND = YES;
				ENABLE_TESTABILITY = YES;
				GCC_C_LANGUAGE_STANDARD = gnu11;
				GCC_DYNAMIC_NO_PIC = NO;
				GCC_NO_COMMON_BLOCKS = YES;
				GCC_OPTIMIZATION_LEVEL = 0;
				GCC_PREPROCESSOR_DEFINITIONS = (
					"DEBUG=1",
					"$(inherited)",
				);
				GCC_WARN_64_TO_32_BIT_CONVERSION = YES;
				GCC_WARN_ABOUT_RETURN_TYPE = YES_ERROR;
				GCC_WARN_UNDECLARED_SELECTOR = YES;
				GCC_WARN_UNINITIALIZED_AUTOS = YES_AGGRESSIVE;
				GCC_WARN_UNUSED_FUNCTION = YES;
				GCC_WARN_UNUSED_VARIABLE = YES;
				IPHONEOS_DEPLOYMENT_TARGET = 13.2;
				MTL_ENABLE_DEBUG_INFO = INCLUDE_SOURCE;
				MTL_FAST_MATH = YES;
				ONLY_ACTIVE_ARCH = YES;
				SDKROOT = iphoneos;
				SWIFT_ACTIVE_COMPILATION_CONDITIONS = DEBUG;
				SWIFT_OPTIMIZATION_LEVEL = "-Onone";
			};
			name = Debug;
		};
		82B794442404481000B64648 /* Release */ = {
			isa = XCBuildConfiguration;
			buildSettings = {
				ALWAYS_SEARCH_USER_PATHS = NO;
				CLANG_ANALYZER_NONNULL = YES;
				CLANG_ANALYZER_NUMBER_OBJECT_CONVERSION = YES_AGGRESSIVE;
				CLANG_CXX_LANGUAGE_STANDARD = "gnu++14";
				CLANG_CXX_LIBRARY = "libc++";
				CLANG_ENABLE_MODULES = YES;
				CLANG_ENABLE_OBJC_ARC = YES;
				CLANG_ENABLE_OBJC_WEAK = YES;
				CLANG_WARN_BLOCK_CAPTURE_AUTORELEASING = YES;
				CLANG_WARN_BOOL_CONVERSION = YES;
				CLANG_WARN_COMMA = YES;
				CLANG_WARN_CONSTANT_CONVERSION = YES;
				CLANG_WARN_DEPRECATED_OBJC_IMPLEMENTATIONS = YES;
				CLANG_WARN_DIRECT_OBJC_ISA_USAGE = YES_ERROR;
				CLANG_WARN_DOCUMENTATION_COMMENTS = YES;
				CLANG_WARN_EMPTY_BODY = YES;
				CLANG_WARN_ENUM_CONVERSION = YES;
				CLANG_WARN_INFINITE_RECURSION = YES;
				CLANG_WARN_INT_CONVERSION = YES;
				CLANG_WARN_NON_LITERAL_NULL_CONVERSION = YES;
				CLANG_WARN_OBJC_IMPLICIT_RETAIN_SELF = YES;
				CLANG_WARN_OBJC_LITERAL_CONVERSION = YES;
				CLANG_WARN_OBJC_ROOT_CLASS = YES_ERROR;
				CLANG_WARN_RANGE_LOOP_ANALYSIS = YES;
				CLANG_WARN_STRICT_PROTOTYPES = YES;
				CLANG_WARN_SUSPICIOUS_MOVE = YES;
				CLANG_WARN_UNGUARDED_AVAILABILITY = YES_AGGRESSIVE;
				CLANG_WARN_UNREACHABLE_CODE = YES;
				CLANG_WARN__DUPLICATE_METHOD_MATCH = YES;
				COPY_PHASE_STRIP = NO;
				DEBUG_INFORMATION_FORMAT = "dwarf-with-dsym";
				ENABLE_NS_ASSERTIONS = NO;
				ENABLE_STRICT_OBJC_MSGSEND = YES;
				GCC_C_LANGUAGE_STANDARD = gnu11;
				GCC_NO_COMMON_BLOCKS = YES;
				GCC_WARN_64_TO_32_BIT_CONVERSION = YES;
				GCC_WARN_ABOUT_RETURN_TYPE = YES_ERROR;
				GCC_WARN_UNDECLARED_SELECTOR = YES;
				GCC_WARN_UNINITIALIZED_AUTOS = YES_AGGRESSIVE;
				GCC_WARN_UNUSED_FUNCTION = YES;
				GCC_WARN_UNUSED_VARIABLE = YES;
				IPHONEOS_DEPLOYMENT_TARGET = 13.2;
				MTL_ENABLE_DEBUG_INFO = NO;
				MTL_FAST_MATH = YES;
				SDKROOT = iphoneos;
				SWIFT_COMPILATION_MODE = wholemodule;
				SWIFT_OPTIMIZATION_LEVEL = "-O";
				VALIDATE_PRODUCT = YES;
			};
			name = Release;
		};
		82B794462404481000B64648 /* Debug */ = {
			isa = XCBuildConfiguration;
			baseConfigurationReference = 8B881A5FE7F771759BC59BAA /* Pods-WeatherFarm.debug.xcconfig */;
			buildSettings = {
				ASSETCATALOG_COMPILER_APPICON_NAME = AppIcon;
				CODE_SIGN_STYLE = Automatic;
				DEVELOPMENT_ASSET_PATHS = "\"WeatherFarm/Preview Content\"";
				DEVELOPMENT_TEAM = CSPYV9P999;
				ENABLE_PREVIEWS = YES;
				INFOPLIST_FILE = WeatherFarm/Info.plist;
				IPHONEOS_DEPLOYMENT_TARGET = 13.0;
				LD_RUNPATH_SEARCH_PATHS = (
					"$(inherited)",
					"@executable_path/Frameworks",
				);
				PRODUCT_BUNDLE_IDENTIFIER = com.opensource.WeatherFarm;
				PRODUCT_NAME = "$(TARGET_NAME)";
				SWIFT_VERSION = 5.0;
				TARGETED_DEVICE_FAMILY = "1,2";
			};
			name = Debug;
		};
		82B794472404481000B64648 /* Release */ = {
			isa = XCBuildConfiguration;
			baseConfigurationReference = 4E13448BC7066F249790B6B0 /* Pods-WeatherFarm.release.xcconfig */;
			buildSettings = {
				ASSETCATALOG_COMPILER_APPICON_NAME = AppIcon;
				CODE_SIGN_STYLE = Automatic;
				DEVELOPMENT_ASSET_PATHS = "\"WeatherFarm/Preview Content\"";
				DEVELOPMENT_TEAM = CSPYV9P999;
				ENABLE_PREVIEWS = YES;
				INFOPLIST_FILE = WeatherFarm/Info.plist;
				IPHONEOS_DEPLOYMENT_TARGET = 13.0;
				LD_RUNPATH_SEARCH_PATHS = (
					"$(inherited)",
					"@executable_path/Frameworks",
				);
				PRODUCT_BUNDLE_IDENTIFIER = com.opensource.WeatherFarm;
				PRODUCT_NAME = "$(TARGET_NAME)";
				SWIFT_VERSION = 5.0;
				TARGETED_DEVICE_FAMILY = "1,2";
			};
			name = Release;
		};
		82B794492404481000B64648 /* Debug */ = {
			isa = XCBuildConfiguration;
			baseConfigurationReference = 3243057C05E75037C0F70178 /* Pods-WeatherFarmTests.debug.xcconfig */;
			buildSettings = {
				ALWAYS_EMBED_SWIFT_STANDARD_LIBRARIES = YES;
				BUNDLE_LOADER = "$(TEST_HOST)";
				CODE_SIGN_STYLE = Automatic;
				DEVELOPMENT_TEAM = CSPYV9P999;
				INFOPLIST_FILE = WeatherFarmTests/Info.plist;
				IPHONEOS_DEPLOYMENT_TARGET = 13.2;
				LD_RUNPATH_SEARCH_PATHS = (
					"$(inherited)",
					"@executable_path/Frameworks",
					"@loader_path/Frameworks",
				);
				PRODUCT_BUNDLE_IDENTIFIER = com.opensource.WeatherFarmTests;
				PRODUCT_NAME = "$(TARGET_NAME)";
				SWIFT_VERSION = 5.0;
				TARGETED_DEVICE_FAMILY = "1,2";
				TEST_HOST = "$(BUILT_PRODUCTS_DIR)/WeatherFarm.app/WeatherFarm";
			};
			name = Debug;
		};
		82B7944A2404481000B64648 /* Release */ = {
			isa = XCBuildConfiguration;
			baseConfigurationReference = 5572668CD0257BF78EAF306C /* Pods-WeatherFarmTests.release.xcconfig */;
			buildSettings = {
				ALWAYS_EMBED_SWIFT_STANDARD_LIBRARIES = YES;
				BUNDLE_LOADER = "$(TEST_HOST)";
				CODE_SIGN_STYLE = Automatic;
				DEVELOPMENT_TEAM = CSPYV9P999;
				INFOPLIST_FILE = WeatherFarmTests/Info.plist;
				IPHONEOS_DEPLOYMENT_TARGET = 13.2;
				LD_RUNPATH_SEARCH_PATHS = (
					"$(inherited)",
					"@executable_path/Frameworks",
					"@loader_path/Frameworks",
				);
				PRODUCT_BUNDLE_IDENTIFIER = com.opensource.WeatherFarmTests;
				PRODUCT_NAME = "$(TARGET_NAME)";
				SWIFT_VERSION = 5.0;
				TARGETED_DEVICE_FAMILY = "1,2";
				TEST_HOST = "$(BUILT_PRODUCTS_DIR)/WeatherFarm.app/WeatherFarm";
			};
			name = Release;
		};
		82B7944C2404481000B64648 /* Debug */ = {
			isa = XCBuildConfiguration;
			baseConfigurationReference = F1EC06C7CC22E0EDCD3B3EE2 /* Pods-WeatherFarm-WeatherFarmUITests.debug.xcconfig */;
			buildSettings = {
				ALWAYS_EMBED_SWIFT_STANDARD_LIBRARIES = YES;
				CODE_SIGN_STYLE = Automatic;
				DEVELOPMENT_TEAM = CSPYV9P999;
				INFOPLIST_FILE = WeatherFarmUITests/Info.plist;
				LD_RUNPATH_SEARCH_PATHS = (
					"$(inherited)",
					"@executable_path/Frameworks",
					"@loader_path/Frameworks",
				);
				PRODUCT_BUNDLE_IDENTIFIER = com.opensource.WeatherFarmUITests;
				PRODUCT_NAME = "$(TARGET_NAME)";
				SWIFT_VERSION = 5.0;
				TARGETED_DEVICE_FAMILY = "1,2";
				TEST_TARGET_NAME = WeatherFarm;
			};
			name = Debug;
		};
		82B7944D2404481000B64648 /* Release */ = {
			isa = XCBuildConfiguration;
			baseConfigurationReference = 3FE699E60229C188A2799F38 /* Pods-WeatherFarm-WeatherFarmUITests.release.xcconfig */;
			buildSettings = {
				ALWAYS_EMBED_SWIFT_STANDARD_LIBRARIES = YES;
				CODE_SIGN_STYLE = Automatic;
				DEVELOPMENT_TEAM = CSPYV9P999;
				INFOPLIST_FILE = WeatherFarmUITests/Info.plist;
				LD_RUNPATH_SEARCH_PATHS = (
					"$(inherited)",
					"@executable_path/Frameworks",
					"@loader_path/Frameworks",
				);
				PRODUCT_BUNDLE_IDENTIFIER = com.opensource.WeatherFarmUITests;
				PRODUCT_NAME = "$(TARGET_NAME)";
				SWIFT_VERSION = 5.0;
				TARGETED_DEVICE_FAMILY = "1,2";
				TEST_TARGET_NAME = WeatherFarm;
			};
			name = Release;
		};
/* End XCBuildConfiguration section */

/* Begin XCConfigurationList section */
		82B794132404480900B64648 /* Build configuration list for PBXProject "WeatherFarm" */ = {
			isa = XCConfigurationList;
			buildConfigurations = (
				82B794432404481000B64648 /* Debug */,
				82B794442404481000B64648 /* Release */,
			);
			defaultConfigurationIsVisible = 0;
			defaultConfigurationName = Release;
		};
		82B794452404481000B64648 /* Build configuration list for PBXNativeTarget "WeatherFarm" */ = {
			isa = XCConfigurationList;
			buildConfigurations = (
				82B794462404481000B64648 /* Debug */,
				82B794472404481000B64648 /* Release */,
			);
			defaultConfigurationIsVisible = 0;
			defaultConfigurationName = Release;
		};
		82B794482404481000B64648 /* Build configuration list for PBXNativeTarget "WeatherFarmTests" */ = {
			isa = XCConfigurationList;
			buildConfigurations = (
				82B794492404481000B64648 /* Debug */,
				82B7944A2404481000B64648 /* Release */,
			);
			defaultConfigurationIsVisible = 0;
			defaultConfigurationName = Release;
		};
		82B7944B2404481000B64648 /* Build configuration list for PBXNativeTarget "WeatherFarmUITests" */ = {
			isa = XCConfigurationList;
			buildConfigurations = (
				82B7944C2404481000B64648 /* Debug */,
				82B7944D2404481000B64648 /* Release */,
			);
			defaultConfigurationIsVisible = 0;
			defaultConfigurationName = Release;
		};
/* End XCConfigurationList section */

/* Begin XCVersionGroup section */
		82B7941F2404480900B64648 /* WeatherFarm.xcdatamodeld */ = {
			isa = XCVersionGroup;
			children = (
				82B794202404480900B64648 /* WeatherFarm.xcdatamodel */,
			);
			currentVersion = 82B794202404480900B64648 /* WeatherFarm.xcdatamodel */;
			path = WeatherFarm.xcdatamodeld;
			sourceTree = "<group>";
			versionGroupType = wrapper.xcdatamodel;
		};
/* End XCVersionGroup section */
	};
	rootObject = 82B794102404480900B64648 /* Project object */;
}
